
Microsoft Visual Studio Solution File, Format Version 12.00
# Visual Studio Version 17
VisualStudioVersion = 17.5.2.0
MinimumVisualStudioVersion = 10.0.40219.1
Project("{FAE04EC0-301F-11D3-BF4B-00C04F79EFBC}") = "FeedbackSystem", "FeedbackSystem.csproj", "{7591851B-B8D8-58EF-F36F-BF78F60EE11A}"
EndProject
Project("{FAE04EC0-301F-11D3-BF4B-00C04F79EFBC}") = "FeedbackSystem.Tests", "FeedbackSystem.Tests\FeedbackSystem.Tests.csproj", "{77E94634-6DE4-4D4E-A64F-5E9B8695EE04}"
EndProject
Project("{FAE04EC0-301F-11D3-BF4B-00C04F79EFBC}") = "FeedbackSystem.IntegrationTests", "FeedbackSystem.IntegrationTests\FeedbackSystem.IntegrationTests.csproj", "{32949740-3876-4F93-A9A3-150428AC4500}"
EndProject
Project("{FAE04EC0-301F-11D3-BF4B-00C04F79EFBC}") = "FeedbackSystem.E2ETests", "FeedbackSystem.E2ETests\FeedbackSystem.E2ETests.csproj", "{AC011177-8C1B-4413-9BAC-71DB5ECAC160}"
EndProject
Global
	GlobalSection(SolutionConfigurationPlatforms) = preSolution
		Debug|Any CPU = Debug|Any CPU
		Debug|x64 = Debug|x64
		Debug|x86 = Debug|x86
		Release|Any CPU = Release|Any CPU
		Release|x64 = Release|x64
		Release|x86 = Release|x86
	EndGlobalSection
	GlobalSection(ProjectConfigurationPlatforms) = postSolution
		{7591851B-B8D8-58EF-F36F-BF78F60EE11A}.Debug|Any CPU.ActiveCfg = Debug|Any CPU
		{7591851B-B8D8-58EF-F36F-BF78F60EE11A}.Debug|Any CPU.Build.0 = Debug|Any CPU
		{7591851B-B8D8-58EF-F36F-BF78F60EE11A}.Debug|x64.ActiveCfg = Debug|Any CPU
		{7591851B-B8D8-58EF-F36F-BF78F60EE11A}.Debug|x64.Build.0 = Debug|Any CPU
		{7591851B-B8D8-58EF-F36F-BF78F60EE11A}.Debug|x86.ActiveCfg = Debug|Any CPU
		{7591851B-B8D8-58EF-F36F-BF78F60EE11A}.Debug|x86.Build.0 = Debug|Any CPU
		{7591851B-B8D8-58EF-F36F-BF78F60EE11A}.Release|Any CPU.ActiveCfg = Release|Any CPU
		{7591851B-B8D8-58EF-F36F-BF78F60EE11A}.Release|Any CPU.Build.0 = Release|Any CPU
		{7591851B-B8D8-58EF-F36F-BF78F60EE11A}.Release|x64.ActiveCfg = Release|Any CPU
		{7591851B-B8D8-58EF-F36F-BF78F60EE11A}.Release|x64.Build.0 = Release|Any CPU
		{7591851B-B8D8-58EF-F36F-BF78F60EE11A}.Release|x86.ActiveCfg = Release|Any CPU
		{7591851B-B8D8-58EF-F36F-BF78F60EE11A}.Release|x86.Build.0 = Release|Any CPU
		{77E94634-6DE4-4D4E-A64F-5E9B8695EE04}.Debug|Any CPU.ActiveCfg = Debug|Any CPU
		{77E94634-6DE4-4D4E-A64F-5E9B8695EE04}.Debug|Any CPU.Build.0 = Debug|Any CPU
		{77E94634-6DE4-4D4E-A64F-5E9B8695EE04}.Debug|x64.ActiveCfg = Debug|Any CPU
		{77E94634-6DE4-4D4E-A64F-5E9B8695EE04}.Debug|x64.Build.0 = Debug|Any CPU
		{77E94634-6DE4-4D4E-A64F-5E9B8695EE04}.Debug|x86.ActiveCfg = Debug|Any CPU
		{77E94634-6DE4-4D4E-A64F-5E9B8695EE04}.Debug|x86.Build.0 = Debug|Any CPU
		{77E94634-6DE4-4D4E-A64F-5E9B8695EE04}.Release|Any CPU.ActiveCfg = Release|Any CPU
		{77E94634-6DE4-4D4E-A64F-5E9B8695EE04}.Release|Any CPU.Build.0 = Release|Any CPU
		{77E94634-6DE4-4D4E-A64F-5E9B8695EE04}.Release|x64.ActiveCfg = Release|Any CPU
		{77E94634-6DE4-4D4E-A64F-5E9B8695EE04}.Release|x64.Build.0 = Release|Any CPU
		{77E94634-6DE4-4D4E-A64F-5E9B8695EE04}.Release|x86.ActiveCfg = Release|Any CPU
		{77E94634-6DE4-4D4E-A64F-5E9B8695EE04}.Release|x86.Build.0 = Release|Any CPU
		{32949740-3876-4F93-A9A3-150428AC4500}.Debug|Any CPU.ActiveCfg = Debug|Any CPU
		{32949740-3876-4F93-A9A3-150428AC4500}.Debug|Any CPU.Build.0 = Debug|Any CPU
		{32949740-3876-4F93-A9A3-150428AC4500}.Debug|x64.ActiveCfg = Debug|Any CPU
		{32949740-3876-4F93-A9A3-150428AC4500}.Debug|x64.Build.0 = Debug|Any CPU
		{32949740-3876-4F93-A9A3-150428AC4500}.Debug|x86.ActiveCfg = Debug|Any CPU
		{32949740-3876-4F93-A9A3-150428AC4500}.Debug|x86.Build.0 = Debug|Any CPU
		{32949740-3876-4F93-A9A3-150428AC4500}.Release|Any CPU.ActiveCfg = Release|Any CPU
		{32949740-3876-4F93-A9A3-150428AC4500}.Release|Any CPU.Build.0 = Release|Any CPU
		{32949740-3876-4F93-A9A3-150428AC4500}.Release|x64.ActiveCfg = Release|Any CPU
		{32949740-3876-4F93-A9A3-150428AC4500}.Release|x64.Build.0 = Release|Any CPU
		{32949740-3876-4F93-A9A3-150428AC4500}.Release|x86.ActiveCfg = Release|Any CPU
		{32949740-3876-4F93-A9A3-150428AC4500}.Release|x86.Build.0 = Release|Any CPU
		{AC011177-8C1B-4413-9BAC-71DB5ECAC160}.Debug|Any CPU.ActiveCfg = Debug|Any CPU
		{AC011177-8C1B-4413-9BAC-71DB5ECAC160}.Debug|Any CPU.Build.0 = Debug|Any CPU
		{AC011177-8C1B-4413-9BAC-71DB5ECAC160}.Debug|x64.ActiveCfg = Debug|Any CPU
		{AC011177-8C1B-4413-9BAC-71DB5ECAC160}.Debug|x64.Build.0 = Debug|Any CPU
		{AC011177-8C1B-4413-9BAC-71DB5ECAC160}.Debug|x86.ActiveCfg = Debug|Any CPU
		{AC011177-8C1B-4413-9BAC-71DB5ECAC160}.Debug|x86.Build.0 = Debug|Any CPU
		{AC011177-8C1B-4413-9BAC-71DB5ECAC160}.Release|Any CPU.ActiveCfg = Release|Any CPU
		{AC011177-8C1B-4413-9BAC-71DB5ECAC160}.Release|Any CPU.Build.0 = Release|Any CPU
		{AC011177-8C1B-4413-9BAC-71DB5ECAC160}.Release|x64.ActiveCfg = Release|Any CPU
		{AC011177-8C1B-4413-9BAC-71DB5ECAC160}.Release|x64.Build.0 = Release|Any CPU
		{AC011177-8C1B-4413-9BAC-71DB5ECAC160}.Release|x86.ActiveCfg = Release|Any CPU
		{AC011177-8C1B-4413-9BAC-71DB5ECAC160}.Release|x86.Build.0 = Release|Any CPU
	EndGlobalSection
	GlobalSection(SolutionProperties) = preSolution
		HideSolutionNode = FALSE
	EndGlobalSection
	GlobalSection(ExtensibilityGlobals) = postSolution
		SolutionGuid = {46913511-F898-4187-9016-CBFD7BB3FA7E}
	EndGlobalSection
EndGlobal
